
Microsoft Visual Studio Solution File, Format Version 12.00
# Visual Studio 15
VisualStudioVersion = 15.0.27130.2010
MinimumVisualStudioVersion = 10.0.40219.1
Project("{FAE04EC0-301F-11D3-BF4B-00C04F79EFBC}") = "StepExtension", "StepExtension.csproj", "{3C359F19-99D5-47ED-87F6-5A48C9F799B7}"
EndProject
Global
	GlobalSection(SolutionConfigurationPlatforms) = preSolution
		Debug|Any CPU = Debug|Any CPU
		Release|Any CPU = Release|Any CPU
	EndGlobalSection
	GlobalSection(ProjectConfigurationPlatforms) = postSolution
		{3C359F19-99D5-47ED-87F6-5A48C9F799B7}.Debug|Any CPU.ActiveCfg = Debug|Any CPU
		{3C359F19-99D5-47ED-87F6-5A48C9F799B7}.Debug|Any CPU.Build.0 = Debug|Any CPU
		{3C359F19-99D5-47ED-87F6-5A48C9F799B7}.Release|Any CPU.ActiveCfg = Release|Any CPU
		{3C359F19-99D5-47ED-87F6-5A48C9F799B7}.Release|Any CPU.Build.0 = Release|Any CPU
	EndGlobalSection
	GlobalSection(SolutionProperties) = preSolution
		HideSolutionNode = FALSE
	EndGlobalSection
	GlobalSection(ExtensibilityGlobals) = postSolution
		SolutionGuid = {3576D1FA-45FD-4DC6-B755-1FDADDC245B0}
	EndGlobalSection
EndGlobal
